
Microsoft Visual Studio Solution File, Format Version 12.00
# Visual Studio Version 17
VisualStudioVersion = 17.7.34221.43
MinimumVisualStudioVersion = 10.0.40219.1
Project("{FAE04EC0-301F-11D3-BF4B-00C04F79EFBC}") = "GitTest", "GitTest\GitTest.csproj", "{0BC05BD0-ED81-4200-AC44-94F262DCA4DC}"
EndProject
Global
	GlobalSection(SolutionConfigurationPlatforms) = preSolution
		Debug|Any CPU = Debug|Any CPU
		Release|Any CPU = Release|Any CPU
	EndGlobalSection
	GlobalSection(ProjectConfigurationPlatforms) = postSolution
		{0BC05BD0-ED81-4200-AC44-94F262DCA4DC}.Debug|Any CPU.ActiveCfg = Debug|Any CPU
		{0BC05BD0-ED81-4200-AC44-94F262DCA4DC}.Debug|Any CPU.Build.0 = Debug|Any CPU
		{0BC05BD0-ED81-4200-AC44-94F262DCA4DC}.Release|Any CPU.ActiveCfg = Release|Any CPU
		{0BC05BD0-ED81-4200-AC44-94F262DCA4DC}.Release|Any CPU.Build.0 = Release|Any CPU
	EndGlobalSection
	GlobalSection(SolutionProperties) = preSolution
		HideSolutionNode = FALSE
	EndGlobalSection
	GlobalSection(ExtensibilityGlobals) = postSolution
		SolutionGuid = {F9876285-E2F2-4902-B3EA-3CF1F0A2B330}
	EndGlobalSection
EndGlobal
